
Microsoft Visual Studio Solution File, Format Version 12.00
# Visual Studio Version 16
VisualStudioVersion = 16.0.30114.105
MinimumVisualStudioVersion = 10.0.40219.1
Project("{FAE04EC0-301F-11D3-BF4B-00C04F79EFBC}") = "TomScriptUI", "TomScriptUI\TomScriptUI.csproj", "{86969DE1-88B3-47F7-A616-CE7CC9E6C166}"
EndProject
Global
	GlobalSection(SolutionConfigurationPlatforms) = preSolution
		Debug|Any CPU = Debug|Any CPU
		Release|Any CPU = Release|Any CPU
	EndGlobalSection
	GlobalSection(ProjectConfigurationPlatforms) = postSolution
		{86969DE1-88B3-47F7-A616-CE7CC9E6C166}.Debug|Any CPU.ActiveCfg = Debug|Any CPU
		{86969DE1-88B3-47F7-A616-CE7CC9E6C166}.Debug|Any CPU.Build.0 = Debug|Any CPU
		{86969DE1-88B3-47F7-A616-CE7CC9E6C166}.Release|Any CPU.ActiveCfg = Release|Any CPU
		{86969DE1-88B3-47F7-A616-CE7CC9E6C166}.Release|Any CPU.Build.0 = Release|Any CPU
	EndGlobalSection
	GlobalSection(SolutionProperties) = preSolution
		HideSolutionNode = FALSE
	EndGlobalSection
	GlobalSection(ExtensibilityGlobals) = postSolution
		SolutionGuid = {4C5EED25-6215-4495-82D4-F098DC59A397}
	EndGlobalSection
EndGlobal
