
Microsoft Visual Studio Solution File, Format Version 12.00
# Visual Studio Version 16
VisualStudioVersion = 16.0.29728.190
MinimumVisualStudioVersion = 10.0.40219.1
Project("{FAE04EC0-301F-11D3-BF4B-00C04F79EFBC}") = "TomScriptWeb", "TomScriptWeb\TomScriptWeb.csproj", "{5EB2EBBE-7820-433A-899D-D7963696C18A}"
EndProject
Global
	GlobalSection(SolutionConfigurationPlatforms) = preSolution
		Debug|Any CPU = Debug|Any CPU
		Release|Any CPU = Release|Any CPU
	EndGlobalSection
	GlobalSection(ProjectConfigurationPlatforms) = postSolution
		{5EB2EBBE-7820-433A-899D-D7963696C18A}.Debug|Any CPU.ActiveCfg = Debug|Any CPU
		{5EB2EBBE-7820-433A-899D-D7963696C18A}.Debug|Any CPU.Build.0 = Debug|Any CPU
		{5EB2EBBE-7820-433A-899D-D7963696C18A}.Release|Any CPU.ActiveCfg = Release|Any CPU
		{5EB2EBBE-7820-433A-899D-D7963696C18A}.Release|Any CPU.Build.0 = Release|Any CPU
	EndGlobalSection
	GlobalSection(SolutionProperties) = preSolution
		HideSolutionNode = FALSE
	EndGlobalSection
	GlobalSection(ExtensibilityGlobals) = postSolution
		SolutionGuid = {3E9B374D-4FC3-4917-8D04-087E7305A2DB}
	EndGlobalSection
EndGlobal
